// !$*UTF8*$!
{
	archiveVersion = 1;
	classes = {
	};
	objectVersion = 55;
	objects = {

/* Begin PBXBuildFile section */
		6245D743286C1D3700B58B3E /* 10773.cpp in Sources */ = {isa = PBXBuildFile; fileRef = 6245D742286C1D3700B58B3E /* 10773.cpp */; };
/* End PBXBuildFile section */

/* Begin PBXCopyFilesBuildPhase section */
		62CC2EA9285C5EBB007CE978 /* CopyFiles */ = {
			isa = PBXCopyFilesBuildPhase;
			buildActionMask = 2147483647;
			dstPath = /usr/share/man/man1/;
			dstSubfolderSpec = 0;
			files = (
			);
			runOnlyForDeploymentPostprocessing = 1;
		};
/* End PBXCopyFilesBuildPhase section */

/* Begin PBXFileReference section */
		620D19622863060900BD6CDF /* 10871.cpp */ = {isa = PBXFileReference; lastKnownFileType = sourcecode.cpp.cpp; path = 10871.cpp; sourceTree = "<group>"; };
		620D1964286309D100BD6CDF /* 1000.cpp */ = {isa = PBXFileReference; lastKnownFileType = sourcecode.cpp.cpp; path = 1000.cpp; sourceTree = "<group>"; };
		620D196728630A9E00BD6CDF /* 2557.cpp */ = {isa = PBXFileReference; lastKnownFileType = sourcecode.cpp.cpp; path = 2557.cpp; sourceTree = "<group>"; };
		620D196928630B0D00BD6CDF /* 10171.cpp */ = {isa = PBXFileReference; lastKnownFileType = sourcecode.cpp.cpp; path = 10171.cpp; sourceTree = "<group>"; };
		620D196B28630E9E00BD6CDF /* 10869.cpp */ = {isa = PBXFileReference; lastKnownFileType = sourcecode.cpp.cpp; path = 10869.cpp; sourceTree = "<group>"; };
		620D196D28630F9100BD6CDF /* 9498.cpp */ = {isa = PBXFileReference; lastKnownFileType = sourcecode.cpp.cpp; path = 9498.cpp; sourceTree = "<group>"; };
		620D196F2863107300BD6CDF /* 2752.cpp */ = {isa = PBXFileReference; lastKnownFileType = sourcecode.cpp.cpp; path = 2752.cpp; sourceTree = "<group>"; };
		62124C0C286316E70053D05B /* 2753.cpp */ = {isa = PBXFileReference; lastKnownFileType = sourcecode.cpp.cpp; path = 2753.cpp; sourceTree = "<group>"; };
		62124C0E286317B10053D05B /* 2480.cpp */ = {isa = PBXFileReference; lastKnownFileType = sourcecode.cpp.cpp; path = 2480.cpp; sourceTree = "<group>"; };
		62124C10286318FC0053D05B /* 2490.cpp */ = {isa = PBXFileReference; lastKnownFileType = sourcecode.cpp.cpp; path = 2490.cpp; sourceTree = "<group>"; };
		62124C122864461B0053D05B /* 2576.cpp */ = {isa = PBXFileReference; lastKnownFileType = sourcecode.cpp.cpp; path = 2576.cpp; sourceTree = "<group>"; };
		62124C142864479B0053D05B /* 2587.cpp */ = {isa = PBXFileReference; lastKnownFileType = sourcecode.cpp.cpp; path = 2587.cpp; sourceTree = "<group>"; };
		62124C16286455AC0053D05B /* 2309.cpp */ = {isa = PBXFileReference; lastKnownFileType = sourcecode.cpp.cpp; path = 2309.cpp; sourceTree = "<group>"; };
		6245D72F2868AB6100B58B3E /* 3273.cpp */ = {isa = PBXFileReference; lastKnownFileType = sourcecode.cpp.cpp; path = 3273.cpp; sourceTree = "<group>"; };
		6245D7322869A71D00B58B3E /* 13300.cpp */ = {isa = PBXFileReference; lastKnownFileType = sourcecode.cpp.cpp; path = 13300.cpp; sourceTree = "<group>"; };
		6245D7342869B15D00B58B3E /* 1919.cpp */ = {isa = PBXFileReference; lastKnownFileType = sourcecode.cpp.cpp; path = 1919.cpp; sourceTree = "<group>"; };
		6245D7372869BFEB00B58B3E /* 1.cpp */ = {isa = PBXFileReference; lastKnownFileType = sourcecode.cpp.cpp; path = 1.cpp; sourceTree = "<group>"; };
		6245D7392869C59B00B58B3E /* 1406.cpp */ = {isa = PBXFileReference; lastKnownFileType = sourcecode.cpp.cpp; path = 1406.cpp; sourceTree = "<group>"; };
		6245D73B286AD44000B58B3E /* 5397.cpp */ = {isa = PBXFileReference; lastKnownFileType = sourcecode.cpp.cpp; path = 5397.cpp; sourceTree = "<group>"; };
		6245D73D286AD93300B58B3E /* 1158.cpp */ = {isa = PBXFileReference; lastKnownFileType = sourcecode.cpp.cpp; path = 1158.cpp; sourceTree = "<group>"; };
		6245D740286C15B800B58B3E /* 10828.cpp */ = {isa = PBXFileReference; lastKnownFileType = sourcecode.cpp.cpp; path = 10828.cpp; sourceTree = "<group>"; };
		6245D742286C1D3700B58B3E /* 10773.cpp */ = {isa = PBXFileReference; lastKnownFileType = sourcecode.cpp.cpp; path = 10773.cpp; sourceTree = "<group>"; };
		624788902866EA8F00A2C682 /* 1.cpp */ = {isa = PBXFileReference; lastKnownFileType = sourcecode.cpp.cpp; path = 1.cpp; sourceTree = "<group>"; };
		624788922866F02200A2C682 /* 10808.cpp */ = {isa = PBXFileReference; lastKnownFileType = sourcecode.cpp.cpp; path = 10808.cpp; sourceTree = "<group>"; };
		624788942867169400A2C682 /* 2577.cpp */ = {isa = PBXFileReference; lastKnownFileType = sourcecode.cpp.cpp; path = 2577.cpp; sourceTree = "<group>"; };
		62478896286719F900A2C682 /* 1475.cpp */ = {isa = PBXFileReference; lastKnownFileType = sourcecode.cpp.cpp; path = 1475.cpp; sourceTree = "<group>"; };
		624788982867875C00A2C682 /* 10807.cpp */ = {isa = PBXFileReference; lastKnownFileType = sourcecode.cpp.cpp; path = 10807.cpp; sourceTree = "<group>"; };
		6247889A28678A1100A2C682 /* 11328.cpp */ = {isa = PBXFileReference; lastKnownFileType = sourcecode.cpp.cpp; path = 11328.cpp; sourceTree = "<group>"; };
		62CC2EAB285C5EBB007CE978 /* PS */ = {isa = PBXFileReference; explicitFileType = "compiled.mach-o.executable"; includeInIndex = 0; path = PS; sourceTree = BUILT_PRODUCTS_DIR; };
		62CC2EB6285C5F14007CE978 /* 1.cpp */ = {isa = PBXFileReference; lastKnownFileType = sourcecode.cpp.cpp; path = 1.cpp; sourceTree = "<group>"; };
		62CC2EB8285C6279007CE978 /* 2.cpp */ = {isa = PBXFileReference; lastKnownFileType = sourcecode.cpp.cpp; path = 2.cpp; sourceTree = "<group>"; usesTabs = 0; };
		62CC2EBE285C696C007CE978 /* 3.cpp */ = {isa = PBXFileReference; lastKnownFileType = sourcecode.cpp.cpp; path = 3.cpp; sourceTree = "<group>"; };
		62CC2EC0285C6B1A007CE978 /* 4.cpp */ = {isa = PBXFileReference; lastKnownFileType = sourcecode.cpp.cpp; path = 4.cpp; sourceTree = "<group>"; };
		62EF3D7F286463BF0048B2B1 /* 10093.cpp */ = {isa = PBXFileReference; lastKnownFileType = sourcecode.cpp.cpp; path = 10093.cpp; sourceTree = "<group>"; };
		62EF3D81286466340048B2B1 /* 1267.cpp */ = {isa = PBXFileReference; lastKnownFileType = sourcecode.cpp.cpp; path = 1267.cpp; sourceTree = "<group>"; };
		62EF3D83286478A80048B2B1 /* 10804.cpp */ = {isa = PBXFileReference; lastKnownFileType = sourcecode.cpp.cpp; path = 10804.cpp; sourceTree = "<group>"; };
		62EF3D8528647D7D0048B2B1 /* 15552.cpp */ = {isa = PBXFileReference; lastKnownFileType = sourcecode.cpp.cpp; path = 15552.cpp; sourceTree = "<group>"; };
		62EF3D8728647E1C0048B2B1 /* 2438.cpp */ = {isa = PBXFileReference; lastKnownFileType = sourcecode.cpp.cpp; path = 2438.cpp; sourceTree = "<group>"; };
		62EF3D8928647F3F0048B2B1 /* 2439.cpp */ = {isa = PBXFileReference; lastKnownFileType = sourcecode.cpp.cpp; path = 2439.cpp; sourceTree = "<group>"; };
		62EF3D8B286482430048B2B1 /* 2440.cpp */ = {isa = PBXFileReference; lastKnownFileType = sourcecode.cpp.cpp; path = 2440.cpp; sourceTree = "<group>"; };
		62EF3D8D286482970048B2B1 /* 2441.cpp */ = {isa = PBXFileReference; lastKnownFileType = sourcecode.cpp.cpp; path = 2441.cpp; sourceTree = "<group>"; };
		62EF3D8F286483330048B2B1 /* 2442.cpp */ = {isa = PBXFileReference; lastKnownFileType = sourcecode.cpp.cpp; path = 2442.cpp; sourceTree = "<group>"; };
		62EF3D91286483C10048B2B1 /* 2443.cpp */ = {isa = PBXFileReference; lastKnownFileType = sourcecode.cpp.cpp; path = 2443.cpp; sourceTree = "<group>"; };
		62EF3D93286622530048B2B1 /* 2444.cpp */ = {isa = PBXFileReference; lastKnownFileType = sourcecode.cpp.cpp; path = 2444.cpp; sourceTree = "<group>"; };
		62EF3D9528662BEB0048B2B1 /* 2445.cpp */ = {isa = PBXFileReference; lastKnownFileType = sourcecode.cpp.cpp; path = 2445.cpp; sourceTree = "<group>"; };
		62EF3D9728662EDA0048B2B1 /* 2446.cpp */ = {isa = PBXFileReference; lastKnownFileType = sourcecode.cpp.cpp; path = 2446.cpp; sourceTree = "<group>"; };
		62EF3D99286631C80048B2B1 /* 2562.cpp */ = {isa = PBXFileReference; lastKnownFileType = sourcecode.cpp.cpp; path = 2562.cpp; sourceTree = "<group>"; };
/* End PBXFileReference section */

/* Begin PBXFrameworksBuildPhase section */
		62CC2EA8285C5EBB007CE978 /* Frameworks */ = {
			isa = PBXFrameworksBuildPhase;
			buildActionMask = 2147483647;
			files = (
			);
			runOnlyForDeploymentPostprocessing = 0;
		};
/* End PBXFrameworksBuildPhase section */

/* Begin PBXGroup section */
		620D1961286305F500BD6CDF /* 0x02 */ = {
			isa = PBXGroup;
			children = (
				620D19622863060900BD6CDF /* 10871.cpp */,
				620D1964286309D100BD6CDF /* 1000.cpp */,
				620D196D28630F9100BD6CDF /* 9498.cpp */,
				62124C142864479B0053D05B /* 2587.cpp */,
				62EF3D7F286463BF0048B2B1 /* 10093.cpp */,
				620D196928630B0D00BD6CDF /* 10171.cpp */,
				62EF3D8D286482970048B2B1 /* 2441.cpp */,
				62EF3D8F286483330048B2B1 /* 2442.cpp */,
				62EF3D91286483C10048B2B1 /* 2443.cpp */,
				62EF3D93286622530048B2B1 /* 2444.cpp */,
				62EF3D9728662EDA0048B2B1 /* 2446.cpp */,
				62EF3D9528662BEB0048B2B1 /* 2445.cpp */,
				62EF3D99286631C80048B2B1 /* 2562.cpp */,
				620D196B28630E9E00BD6CDF /* 10869.cpp */,
				62EF3D83286478A80048B2B1 /* 10804.cpp */,
				62124C0C286316E70053D05B /* 2753.cpp */,
				62EF3D8728647E1C0048B2B1 /* 2438.cpp */,
				62EF3D8928647F3F0048B2B1 /* 2439.cpp */,
				62EF3D81286466340048B2B1 /* 1267.cpp */,
				62EF3D8B286482430048B2B1 /* 2440.cpp */,
				62124C16286455AC0053D05B /* 2309.cpp */,
				62EF3D8528647D7D0048B2B1 /* 15552.cpp */,
				62124C0E286317B10053D05B /* 2480.cpp */,
				62124C10286318FC0053D05B /* 2490.cpp */,
				62124C122864461B0053D05B /* 2576.cpp */,
				620D196F2863107300BD6CDF /* 2752.cpp */,
				620D196728630A9E00BD6CDF /* 2557.cpp */,
			);
			path = 0x02;
			sourceTree = "<group>";
		};
		6245D7362869BFDC00B58B3E /* 0x04 */ = {
			isa = PBXGroup;
			children = (
				6245D7372869BFEB00B58B3E /* 1.cpp */,
				6245D73D286AD93300B58B3E /* 1158.cpp */,
				6245D7392869C59B00B58B3E /* 1406.cpp */,
				6245D73B286AD44000B58B3E /* 5397.cpp */,
			);
			path = 0x04;
			sourceTree = "<group>";
		};
		6245D73F286C149500B58B3E /* 0x05 */ = {
			isa = PBXGroup;
			children = (
				6245D740286C15B800B58B3E /* 10828.cpp */,
				6245D742286C1D3700B58B3E /* 10773.cpp */,
			);
			path = 0x05;
			sourceTree = "<group>";
		};
		6247888F2866EA7C00A2C682 /* 0x03 */ = {
			isa = PBXGroup;
			children = (
				624788902866EA8F00A2C682 /* 1.cpp */,
				624788922866F02200A2C682 /* 10808.cpp */,
				6245D7342869B15D00B58B3E /* 1919.cpp */,
				62478896286719F900A2C682 /* 1475.cpp */,
				6245D7322869A71D00B58B3E /* 13300.cpp */,
				6247889A28678A1100A2C682 /* 11328.cpp */,
				6245D72F2868AB6100B58B3E /* 3273.cpp */,
				624788942867169400A2C682 /* 2577.cpp */,
				624788982867875C00A2C682 /* 10807.cpp */,
			);
			path = 0x03;
			sourceTree = "<group>";
		};
		62CC2EA2285C5EBB007CE978 = {
			isa = PBXGroup;
			children = (
				62CC2EAD285C5EBB007CE978 /* PS */,
				62CC2EAC285C5EBB007CE978 /* Products */,
			);
			sourceTree = "<group>";
		};
		62CC2EAC285C5EBB007CE978 /* Products */ = {
			isa = PBXGroup;
			children = (
				62CC2EAB285C5EBB007CE978 /* PS */,
			);
			name = Products;
			sourceTree = "<group>";
		};
		62CC2EAD285C5EBB007CE978 /* PS */ = {
			isa = PBXGroup;
			children = (
				6245D73F286C149500B58B3E /* 0x05 */,
				6245D7362869BFDC00B58B3E /* 0x04 */,
				6247888F2866EA7C00A2C682 /* 0x03 */,
				620D1961286305F500BD6CDF /* 0x02 */,
				62CC2EB5285C5ED8007CE978 /* 0x01 */,
			);
			path = PS;
			sourceTree = "<group>";
		};
		62CC2EB5285C5ED8007CE978 /* 0x01 */ = {
			isa = PBXGroup;
			children = (
				62CC2EB8285C6279007CE978 /* 2.cpp */,
				62CC2EBE285C696C007CE978 /* 3.cpp */,
				62CC2EB6285C5F14007CE978 /* 1.cpp */,
				62CC2EC0285C6B1A007CE978 /* 4.cpp */,
			);
			path = 0x01;
			sourceTree = "<group>";
		};
/* End PBXGroup section */

/* Begin PBXNativeTarget section */
		62CC2EAA285C5EBB007CE978 /* PS */ = {
			isa = PBXNativeTarget;
			buildConfigurationList = 62CC2EB2285C5EBB007CE978 /* Build configuration list for PBXNativeTarget "PS" */;
			buildPhases = (
				62CC2EA7285C5EBB007CE978 /* Sources */,
				62CC2EA8285C5EBB007CE978 /* Frameworks */,
				62CC2EA9285C5EBB007CE978 /* CopyFiles */,
			);
			buildRules = (
			);
			dependencies = (
			);
			name = PS;
			productName = PS;
			productReference = 62CC2EAB285C5EBB007CE978 /* PS */;
			productType = "com.apple.product-type.tool";
		};
/* End PBXNativeTarget section */

/* Begin PBXProject section */
		62CC2EA3285C5EBB007CE978 /* Project object */ = {
			isa = PBXProject;
			attributes = {
				BuildIndependentTargetsInParallel = 1;
				LastUpgradeCheck = 1340;
				TargetAttributes = {
					62CC2EAA285C5EBB007CE978 = {
						CreatedOnToolsVersion = 13.4.1;
					};
				};
			};
			buildConfigurationList = 62CC2EA6285C5EBB007CE978 /* Build configuration list for PBXProject "PS" */;
			compatibilityVersion = "Xcode 13.0";
			developmentRegion = en;
			hasScannedForEncodings = 0;
			knownRegions = (
				en,
				Base,
			);
			mainGroup = 62CC2EA2285C5EBB007CE978;
			productRefGroup = 62CC2EAC285C5EBB007CE978 /* Products */;
			projectDirPath = "";
			projectRoot = "";
			targets = (
				62CC2EAA285C5EBB007CE978 /* PS */,
			);
		};
/* End PBXProject section */

/* Begin PBXSourcesBuildPhase section */
		62CC2EA7285C5EBB007CE978 /* Sources */ = {
			isa = PBXSourcesBuildPhase;
			buildActionMask = 2147483647;
			files = (
				6245D743286C1D3700B58B3E /* 10773.cpp in Sources */,
			);
			runOnlyForDeploymentPostprocessing = 0;
		};
/* End PBXSourcesBuildPhase section */

/* Begin XCBuildConfiguration section */
		62CC2EB0285C5EBB007CE978 /* Debug */ = {
			isa = XCBuildConfiguration;
			buildSettings = {
				ALWAYS_SEARCH_USER_PATHS = NO;
				CLANG_ANALYZER_NONNULL = YES;
				CLANG_ANALYZER_NUMBER_OBJECT_CONVERSION = YES_AGGRESSIVE;
				CLANG_CXX_LANGUAGE_STANDARD = "gnu++17";
				CLANG_ENABLE_MODULES = YES;
				CLANG_ENABLE_OBJC_ARC = YES;
				CLANG_ENABLE_OBJC_WEAK = YES;
				CLANG_WARN_BLOCK_CAPTURE_AUTORELEASING = YES;
				CLANG_WARN_BOOL_CONVERSION = YES;
				CLANG_WARN_COMMA = YES;
				CLANG_WARN_CONSTANT_CONVERSION = YES;
				CLANG_WARN_DEPRECATED_OBJC_IMPLEMENTATIONS = YES;
				CLANG_WARN_DIRECT_OBJC_ISA_USAGE = YES_ERROR;
				CLANG_WARN_DOCUMENTATION_COMMENTS = YES;
				CLANG_WARN_EMPTY_BODY = YES;
				CLANG_WARN_ENUM_CONVERSION = YES;
				CLANG_WARN_INFINITE_RECURSION = YES;
				CLANG_WARN_INT_CONVERSION = YES;
				CLANG_WARN_NON_LITERAL_NULL_CONVERSION = YES;
				CLANG_WARN_OBJC_IMPLICIT_RETAIN_SELF = YES;
				CLANG_WARN_OBJC_LITERAL_CONVERSION = YES;
				CLANG_WARN_OBJC_ROOT_CLASS = YES_ERROR;
				CLANG_WARN_QUOTED_INCLUDE_IN_FRAMEWORK_HEADER = YES;
				CLANG_WARN_RANGE_LOOP_ANALYSIS = YES;
				CLANG_WARN_STRICT_PROTOTYPES = YES;
				CLANG_WARN_SUSPICIOUS_MOVE = YES;
				CLANG_WARN_UNGUARDED_AVAILABILITY = YES_AGGRESSIVE;
				CLANG_WARN_UNREACHABLE_CODE = YES;
				CLANG_WARN__DUPLICATE_METHOD_MATCH = YES;
				COPY_PHASE_STRIP = NO;
				DEBUG_INFORMATION_FORMAT = dwarf;
				ENABLE_STRICT_OBJC_MSGSEND = YES;
				ENABLE_TESTABILITY = YES;
				GCC_C_LANGUAGE_STANDARD = gnu11;
				GCC_DYNAMIC_NO_PIC = NO;
				GCC_NO_COMMON_BLOCKS = YES;
				GCC_OPTIMIZATION_LEVEL = 0;
				GCC_PREPROCESSOR_DEFINITIONS = (
					"DEBUG=1",
					"$(inherited)",
				);
				GCC_WARN_64_TO_32_BIT_CONVERSION = YES;
				GCC_WARN_ABOUT_RETURN_TYPE = YES_ERROR;
				GCC_WARN_UNDECLARED_SELECTOR = YES;
				GCC_WARN_UNINITIALIZED_AUTOS = YES_AGGRESSIVE;
				GCC_WARN_UNUSED_FUNCTION = YES;
				GCC_WARN_UNUSED_VARIABLE = YES;
				MACOSX_DEPLOYMENT_TARGET = 12.3;
				MTL_ENABLE_DEBUG_INFO = INCLUDE_SOURCE;
				MTL_FAST_MATH = YES;
				ONLY_ACTIVE_ARCH = YES;
				SDKROOT = macosx;
			};
			name = Debug;
		};
		62CC2EB1285C5EBB007CE978 /* Release */ = {
			isa = XCBuildConfiguration;
			buildSettings = {
				ALWAYS_SEARCH_USER_PATHS = NO;
				CLANG_ANALYZER_NONNULL = YES;
				CLANG_ANALYZER_NUMBER_OBJECT_CONVERSION = YES_AGGRESSIVE;
				CLANG_CXX_LANGUAGE_STANDARD = "gnu++17";
				CLANG_ENABLE_MODULES = YES;
				CLANG_ENABLE_OBJC_ARC = YES;
				CLANG_ENABLE_OBJC_WEAK = YES;
				CLANG_WARN_BLOCK_CAPTURE_AUTORELEASING = YES;
				CLANG_WARN_BOOL_CONVERSION = YES;
				CLANG_WARN_COMMA = YES;
				CLANG_WARN_CONSTANT_CONVERSION = YES;
				CLANG_WARN_DEPRECATED_OBJC_IMPLEMENTATIONS = YES;
				CLANG_WARN_DIRECT_OBJC_ISA_USAGE = YES_ERROR;
				CLANG_WARN_DOCUMENTATION_COMMENTS = YES;
				CLANG_WARN_EMPTY_BODY = YES;
				CLANG_WARN_ENUM_CONVERSION = YES;
				CLANG_WARN_INFINITE_RECURSION = YES;
				CLANG_WARN_INT_CONVERSION = YES;
				CLANG_WARN_NON_LITERAL_NULL_CONVERSION = YES;
				CLANG_WARN_OBJC_IMPLICIT_RETAIN_SELF = YES;
				CLANG_WARN_OBJC_LITERAL_CONVERSION = YES;
				CLANG_WARN_OBJC_ROOT_CLASS = YES_ERROR;
				CLANG_WARN_QUOTED_INCLUDE_IN_FRAMEWORK_HEADER = YES;
				CLANG_WARN_RANGE_LOOP_ANALYSIS = YES;
				CLANG_WARN_STRICT_PROTOTYPES = YES;
				CLANG_WARN_SUSPICIOUS_MOVE = YES;
				CLANG_WARN_UNGUARDED_AVAILABILITY = YES_AGGRESSIVE;
				CLANG_WARN_UNREACHABLE_CODE = YES;
				CLANG_WARN__DUPLICATE_METHOD_MATCH = YES;
				COPY_PHASE_STRIP = NO;
				DEBUG_INFORMATION_FORMAT = "dwarf-with-dsym";
				ENABLE_NS_ASSERTIONS = NO;
				ENABLE_STRICT_OBJC_MSGSEND = YES;
				GCC_C_LANGUAGE_STANDARD = gnu11;
				GCC_NO_COMMON_BLOCKS = YES;
				GCC_WARN_64_TO_32_BIT_CONVERSION = YES;
				GCC_WARN_ABOUT_RETURN_TYPE = YES_ERROR;
				GCC_WARN_UNDECLARED_SELECTOR = YES;
				GCC_WARN_UNINITIALIZED_AUTOS = YES_AGGRESSIVE;
				GCC_WARN_UNUSED_FUNCTION = YES;
				GCC_WARN_UNUSED_VARIABLE = YES;
				MACOSX_DEPLOYMENT_TARGET = 12.3;
				MTL_ENABLE_DEBUG_INFO = NO;
				MTL_FAST_MATH = YES;
				SDKROOT = macosx;
			};
			name = Release;
		};
		62CC2EB3285C5EBB007CE978 /* Debug */ = {
			isa = XCBuildConfiguration;
			buildSettings = {
				CODE_SIGN_STYLE = Automatic;
				PRODUCT_NAME = "$(TARGET_NAME)";
			};
			name = Debug;
		};
		62CC2EB4285C5EBB007CE978 /* Release */ = {
			isa = XCBuildConfiguration;
			buildSettings = {
				CODE_SIGN_STYLE = Automatic;
				PRODUCT_NAME = "$(TARGET_NAME)";
			};
			name = Release;
		};
/* End XCBuildConfiguration section */

/* Begin XCConfigurationList section */
		62CC2EA6285C5EBB007CE978 /* Build configuration list for PBXProject "PS" */ = {
			isa = XCConfigurationList;
			buildConfigurations = (
				62CC2EB0285C5EBB007CE978 /* Debug */,
				62CC2EB1285C5EBB007CE978 /* Release */,
			);
			defaultConfigurationIsVisible = 0;
			defaultConfigurationName = Release;
		};
		62CC2EB2285C5EBB007CE978 /* Build configuration list for PBXNativeTarget "PS" */ = {
			isa = XCConfigurationList;
			buildConfigurations = (
				62CC2EB3285C5EBB007CE978 /* Debug */,
				62CC2EB4285C5EBB007CE978 /* Release */,
			);
			defaultConfigurationIsVisible = 0;
			defaultConfigurationName = Release;
		};
/* End XCConfigurationList section */
	};
	rootObject = 62CC2EA3285C5EBB007CE978 /* Project object */;
}
